# This file was autogenerated by uv via the following command:
#    uv pip compile requirements/base.txt -o requirements/dev.lock
aiofiles==25.1.0
    # via -r requirements/base.txt
aiokafka==0.13.0
    # via -r requirements/base.txt
annotated-doc==0.0.4
    # via fastapi
annotated-types==0.7.0
    # via pydantic
anyio==4.12.1
    # via
    #   google-genai
    #   httpx
    #   openai
    #   starlette
async-timeout==5.0.1
    # via aiokafka
backoff==2.2.1
    # via langfuse
boto3==1.42.64
    # via -r requirements/base.txt
botocore==1.42.64
    # via
    #   boto3
    #   s3transfer
certifi==2026.2.25
    # via
    #   httpcore
    #   httpx
    #   requests
cffi==2.0.0
    # via cryptography
charset-normalizer==3.4.5
    # via requests
click==8.3.1
    # via uvicorn
cryptography==46.0.5
    # via google-auth
distro==1.9.0
    # via
    #   google-genai
    #   openai
fastapi==0.135.1
    # via -r requirements/base.txt
google-auth==2.49.0
    # via google-genai
google-genai==1.66.0
    # via -r requirements/base.txt
googleapis-common-protos==1.73.0
    # via opentelemetry-exporter-otlp-proto-http
grpcio==1.78.0
    # via qdrant-client
h11==0.16.0
    # via
    #   httpcore
    #   uvicorn
h2==4.3.0
    # via httpx
hpack==4.1.0
    # via h2
httpcore==1.0.9
    # via httpx
httpx==0.28.1
    # via
    #   -r requirements/base.txt
    #   google-genai
    #   langfuse
    #   langgraph-sdk
    #   langsmith
    #   openai
    #   qdrant-client
hyperframe==6.1.0
    # via h2
idna==3.11
    # via
    #   anyio
    #   httpx
    #   requests
importlib-metadata==8.7.1
    # via opentelemetry-api
jiter==0.13.0
    # via openai
jmespath==1.1.0
    # via
    #   boto3
    #   botocore
jsonpatch==1.33
    # via langchain-core
jsonpath-ng==1.8.0
    # via redisvl
jsonpointer==3.0.0
    # via jsonpatch
langchain==1.2.10
    # via -r requirements/base.txt
langchain-core==1.2.18
    # via
    #   langchain
    #   langgraph
    #   langgraph-checkpoint
    #   langgraph-prebuilt
langfuse==3.14.5
    # via -r requirements/base.txt
langgraph==1.0.10
    # via
    #   -r requirements/base.txt
    #   langchain
langgraph-checkpoint==4.0.1
    # via
    #   langgraph
    #   langgraph-checkpoint-redis
    #   langgraph-prebuilt
langgraph-checkpoint-redis==0.4.0
    # via -r requirements/base.txt
langgraph-prebuilt==1.0.8
    # via langgraph
langgraph-sdk==0.3.10
    # via langgraph
langsmith==0.7.16
    # via langchain-core
ml-dtypes==0.5.4
    # via redisvl
numpy==2.4.3
    # via
    #   ml-dtypes
    #   qdrant-client
    #   redisvl
openai==2.26.0
    # via
    #   -r requirements/base.txt
    #   langfuse
opentelemetry-api==1.40.0
    # via
    #   langfuse
    #   opentelemetry-exporter-otlp-proto-http
    #   opentelemetry-sdk
    #   opentelemetry-semantic-conventions
opentelemetry-exporter-otlp-proto-common==1.40.0
    # via opentelemetry-exporter-otlp-proto-http
opentelemetry-exporter-otlp-proto-http==1.40.0
    # via langfuse
opentelemetry-proto==1.40.0
    # via
    #   opentelemetry-exporter-otlp-proto-common
    #   opentelemetry-exporter-otlp-proto-http
opentelemetry-sdk==1.40.0
    # via
    #   langfuse
    #   opentelemetry-exporter-otlp-proto-http
opentelemetry-semantic-conventions==0.61b0
    # via opentelemetry-sdk
orjson==3.11.7
    # via
    #   langgraph-checkpoint-redis
    #   langgraph-sdk
    #   langsmith
ormsgpack==1.12.2
    # via langgraph-checkpoint
packaging==25.0
    # via
    #   aiokafka
    #   langchain-core
    #   langfuse
    #   langsmith
pillow==12.1.1
    # via -r requirements/base.txt
portalocker==3.2.0
    # via qdrant-client
prometheus-client==0.24.1
    # via prometheus-fastapi-instrumentator
prometheus-fastapi-instrumentator==7.1.0
    # via -r requirements/base.txt
protobuf==6.33.5
    # via
    #   googleapis-common-protos
    #   opentelemetry-proto
    #   qdrant-client
pyasn1==0.6.2
    # via
    #   pyasn1-modules
    #   rsa
pyasn1-modules==0.4.2
    # via google-auth
pycparser==3.0
    # via cffi
pydantic==2.12.5
    # via
    #   fastapi
    #   google-genai
    #   langchain
    #   langchain-core
    #   langfuse
    #   langgraph
    #   langsmith
    #   openai
    #   pydantic-settings
    #   qdrant-client
    #   redisvl
pydantic-core==2.41.5
    # via pydantic
pydantic-settings==2.13.1
    # via -r requirements/base.txt
python-dateutil==2.9.0.post0
    # via botocore
python-dotenv==1.2.2
    # via
    #   -r requirements/base.txt
    #   pydantic-settings
python-ulid==3.1.0
    # via
    #   -r requirements/base.txt
    #   redisvl
pyyaml==6.0.3
    # via
    #   langchain-core
    #   redisvl
qdrant-client==1.17.0
    # via -r requirements/base.txt
redis==7.3.0
    # via
    #   -r requirements/base.txt
    #   langgraph-checkpoint-redis
    #   redisvl
redisvl==0.16.0
    # via langgraph-checkpoint-redis
requests==2.32.5
    # via
    #   google-auth
    #   google-genai
    #   langfuse
    #   langsmith
    #   opentelemetry-exporter-otlp-proto-http
    #   requests-toolbelt
requests-toolbelt==1.0.0
    # via langsmith
rsa==4.9.1
    # via google-auth
s3transfer==0.16.0
    # via boto3
six==1.17.0
    # via python-dateutil
sniffio==1.3.1
    # via
    #   google-genai
    #   openai
starlette==0.52.1
    # via
    #   fastapi
    #   prometheus-fastapi-instrumentator
tenacity==9.1.4
    # via
    #   -r requirements/base.txt
    #   google-genai
    #   langchain-core
    #   redisvl
tqdm==4.67.3
    # via openai
typing-extensions==4.15.0
    # via
    #   aiokafka
    #   anyio
    #   fastapi
    #   google-genai
    #   grpcio
    #   langchain-core
    #   openai
    #   opentelemetry-api
    #   opentelemetry-exporter-otlp-proto-http
    #   opentelemetry-sdk
    #   opentelemetry-semantic-conventions
    #   pydantic
    #   pydantic-core
    #   starlette
    #   typing-inspection
typing-inspection==0.4.2
    # via
    #   fastapi
    #   pydantic
    #   pydantic-settings
urllib3==2.6.3
    # via
    #   botocore
    #   qdrant-client
    #   requests
uuid-utils==0.14.1
    # via
    #   langchain-core
    #   langsmith
uvicorn==0.41.0
    # via -r requirements/base.txt
websockets==16.0
    # via google-genai
wrapt==1.17.3
    # via langfuse
xxhash==3.6.0
    # via
    #   langgraph
    #   langsmith
zipp==3.23.0
    # via importlib-metadata
zstandard==0.25.0
    # via langsmith
